
Microsoft Visual Studio Solution File, Format Version 12.00
# Visual Studio Version 16
VisualStudioVersion = 16.0.33529.622
MinimumVisualStudioVersion = 10.0.40219.1
Project("{FAE04EC0-301F-11D3-BF4B-00C04F79EFBC}") = "RPGHeroes", "RPGHeroes\RPGHeroes.csproj", "{98826576-3218-4E87-9629-A03A3EB16F83}"
EndProject
Global
	GlobalSection(SolutionConfigurationPlatforms) = preSolution
		Debug|Any CPU = Debug|Any CPU
		Release|Any CPU = Release|Any CPU
	EndGlobalSection
	GlobalSection(ProjectConfigurationPlatforms) = postSolution
		{98826576-3218-4E87-9629-A03A3EB16F83}.Debug|Any CPU.ActiveCfg = Debug|Any CPU
		{98826576-3218-4E87-9629-A03A3EB16F83}.Debug|Any CPU.Build.0 = Debug|Any CPU
		{98826576-3218-4E87-9629-A03A3EB16F83}.Release|Any CPU.ActiveCfg = Release|Any CPU
		{98826576-3218-4E87-9629-A03A3EB16F83}.Release|Any CPU.Build.0 = Release|Any CPU
	EndGlobalSection
	GlobalSection(SolutionProperties) = preSolution
		HideSolutionNode = FALSE
	EndGlobalSection
	GlobalSection(ExtensibilityGlobals) = postSolution
		SolutionGuid = {94BAFCA5-10F7-4565-9335-954F46C43217}
	EndGlobalSection
EndGlobal
